
Microsoft Visual Studio Solution File, Format Version 12.00
# Visual Studio 14
VisualStudioVersion = 14.0.25420.1
MinimumVisualStudioVersion = 10.0.40219.1
Project("{FAE04EC0-301F-11D3-BF4B-00C04F79EFBC}") = "NuevaApp", "NuevaApp\NuevaApp\NuevaApp.csproj", "{DFE29FD7-1F52-4788-B810-A3B23932BAAA}"
EndProject
Project("{FAE04EC0-301F-11D3-BF4B-00C04F79EFBC}") = "NuevaApp.Droid", "NuevaApp\NuevaApp.Droid\NuevaApp.Droid.csproj", "{B7D4A125-815E-4E98-9398-735CC7ECE744}"
EndProject
Project("{FAE04EC0-301F-11D3-BF4B-00C04F79EFBC}") = "NuevaApp.iOS", "NuevaApp\NuevaApp.iOS\NuevaApp.iOS.csproj", "{E8381E8B-F965-4B9C-BC17-4D9C93BE5E87}"
EndProject
Project("{FAE04EC0-301F-11D3-BF4B-00C04F79EFBC}") = "NuevaApp.WinPhone", "NuevaApp\NuevaApp.WinPhone\NuevaApp.WinPhone.csproj", "{EE21B5C1-78A3-4ED2-91FD-78E43934B437}"
EndProject
Project("{FAE04EC0-301F-11D3-BF4B-00C04F79EFBC}") = "NuevaApp.UWP", "NuevaApp\NuevaApp.UWP\NuevaApp.UWP.csproj", "{45AB895C-8BDA-4A89-AE8D-2DD9278BA357}"
EndProject
Project("{FAE04EC0-301F-11D3-BF4B-00C04F79EFBC}") = "NuevaApp.Windows", "NuevaApp\NuevaApp.Windows\NuevaApp.Windows.csproj", "{788A0453-0882-4C90-A556-1DD83806ACF4}"
EndProject
Global
	GlobalSection(SolutionConfigurationPlatforms) = preSolution
		Ad-Hoc|Any CPU = Ad-Hoc|Any CPU
		Ad-Hoc|ARM = Ad-Hoc|ARM
		Ad-Hoc|iPhone = Ad-Hoc|iPhone
		Ad-Hoc|iPhoneSimulator = Ad-Hoc|iPhoneSimulator
		Ad-Hoc|x64 = Ad-Hoc|x64
		Ad-Hoc|x86 = Ad-Hoc|x86
		AppStore|Any CPU = AppStore|Any CPU
		AppStore|ARM = AppStore|ARM
		AppStore|iPhone = AppStore|iPhone
		AppStore|iPhoneSimulator = AppStore|iPhoneSimulator
		AppStore|x64 = AppStore|x64
		AppStore|x86 = AppStore|x86
		Debug|Any CPU = Debug|Any CPU
		Debug|ARM = Debug|ARM
		Debug|iPhone = Debug|iPhone
		Debug|iPhoneSimulator = Debug|iPhoneSimulator
		Debug|x64 = Debug|x64
		Debug|x86 = Debug|x86
		Release|Any CPU = Release|Any CPU
		Release|ARM = Release|ARM
		Release|iPhone = Release|iPhone
		Release|iPhoneSimulator = Release|iPhoneSimulator
		Release|x64 = Release|x64
		Release|x86 = Release|x86
	EndGlobalSection
	GlobalSection(ProjectConfigurationPlatforms) = postSolution
		{DFE29FD7-1F52-4788-B810-A3B23932BAAA}.Ad-Hoc|Any CPU.ActiveCfg = Release|Any CPU
		{DFE29FD7-1F52-4788-B810-A3B23932BAAA}.Ad-Hoc|Any CPU.Build.0 = Release|Any CPU
		{DFE29FD7-1F52-4788-B810-A3B23932BAAA}.Ad-Hoc|ARM.ActiveCfg = Release|Any CPU
		{DFE29FD7-1F52-4788-B810-A3B23932BAAA}.Ad-Hoc|ARM.Build.0 = Release|Any CPU
		{DFE29FD7-1F52-4788-B810-A3B23932BAAA}.Ad-Hoc|iPhone.ActiveCfg = Release|Any CPU
		{DFE29FD7-1F52-4788-B810-A3B23932BAAA}.Ad-Hoc|iPhone.Build.0 = Release|Any CPU
		{DFE29FD7-1F52-4788-B810-A3B23932BAAA}.Ad-Hoc|iPhoneSimulator.ActiveCfg = Release|Any CPU
		{DFE29FD7-1F52-4788-B810-A3B23932BAAA}.Ad-Hoc|iPhoneSimulator.Build.0 = Release|Any CPU
		{DFE29FD7-1F52-4788-B810-A3B23932BAAA}.Ad-Hoc|x64.ActiveCfg = Release|Any CPU
		{DFE29FD7-1F52-4788-B810-A3B23932BAAA}.Ad-Hoc|x64.Build.0 = Release|Any CPU
		{DFE29FD7-1F52-4788-B810-A3B23932BAAA}.Ad-Hoc|x86.ActiveCfg = Release|Any CPU
		{DFE29FD7-1F52-4788-B810-A3B23932BAAA}.Ad-Hoc|x86.Build.0 = Release|Any CPU
		{DFE29FD7-1F52-4788-B810-A3B23932BAAA}.AppStore|Any CPU.ActiveCfg = Release|Any CPU
		{DFE29FD7-1F52-4788-B810-A3B23932BAAA}.AppStore|Any CPU.Build.0 = Release|Any CPU
		{DFE29FD7-1F52-4788-B810-A3B23932BAAA}.AppStore|ARM.ActiveCfg = Release|Any CPU
		{DFE29FD7-1F52-4788-B810-A3B23932BAAA}.AppStore|ARM.Build.0 = Release|Any CPU
		{DFE29FD7-1F52-4788-B810-A3B23932BAAA}.AppStore|iPhone.ActiveCfg = Release|Any CPU
		{DFE29FD7-1F52-4788-B810-A3B23932BAAA}.AppStore|iPhone.Build.0 = Release|Any CPU
		{DFE29FD7-1F52-4788-B810-A3B23932BAAA}.AppStore|iPhoneSimulator.ActiveCfg = Release|Any CPU
		{DFE29FD7-1F52-4788-B810-A3B23932BAAA}.AppStore|iPhoneSimulator.Build.0 = Release|Any CPU
		{DFE29FD7-1F52-4788-B810-A3B23932BAAA}.AppStore|x64.ActiveCfg = Release|Any CPU
		{DFE29FD7-1F52-4788-B810-A3B23932BAAA}.AppStore|x64.Build.0 = Release|Any CPU
		{DFE29FD7-1F52-4788-B810-A3B23932BAAA}.AppStore|x86.ActiveCfg = Release|Any CPU
		{DFE29FD7-1F52-4788-B810-A3B23932BAAA}.AppStore|x86.Build.0 = Release|Any CPU
		{DFE29FD7-1F52-4788-B810-A3B23932BAAA}.Debug|Any CPU.ActiveCfg = Debug|Any CPU
		{DFE29FD7-1F52-4788-B810-A3B23932BAAA}.Debug|Any CPU.Build.0 = Debug|Any CPU
		{DFE29FD7-1F52-4788-B810-A3B23932BAAA}.Debug|ARM.ActiveCfg = Debug|Any CPU
		{DFE29FD7-1F52-4788-B810-A3B23932BAAA}.Debug|ARM.Build.0 = Debug|Any CPU
		{DFE29FD7-1F52-4788-B810-A3B23932BAAA}.Debug|iPhone.ActiveCfg = Debug|Any CPU
		{DFE29FD7-1F52-4788-B810-A3B23932BAAA}.Debug|iPhone.Build.0 = Debug|Any CPU
		{DFE29FD7-1F52-4788-B810-A3B23932BAAA}.Debug|iPhoneSimulator.ActiveCfg = Debug|Any CPU
		{DFE29FD7-1F52-4788-B810-A3B23932BAAA}.Debug|iPhoneSimulator.Build.0 = Debug|Any CPU
		{DFE29FD7-1F52-4788-B810-A3B23932BAAA}.Debug|x64.ActiveCfg = Debug|Any CPU
		{DFE29FD7-1F52-4788-B810-A3B23932BAAA}.Debug|x64.Build.0 = Debug|Any CPU
		{DFE29FD7-1F52-4788-B810-A3B23932BAAA}.Debug|x86.ActiveCfg = Debug|Any CPU
		{DFE29FD7-1F52-4788-B810-A3B23932BAAA}.Debug|x86.Build.0 = Debug|Any CPU
		{DFE29FD7-1F52-4788-B810-A3B23932BAAA}.Release|Any CPU.ActiveCfg = Release|Any CPU
		{DFE29FD7-1F52-4788-B810-A3B23932BAAA}.Release|Any CPU.Build.0 = Release|Any CPU
		{DFE29FD7-1F52-4788-B810-A3B23932BAAA}.Release|ARM.ActiveCfg = Release|Any CPU
		{DFE29FD7-1F52-4788-B810-A3B23932BAAA}.Release|ARM.Build.0 = Release|Any CPU
		{DFE29FD7-1F52-4788-B810-A3B23932BAAA}.Release|iPhone.ActiveCfg = Release|Any CPU
		{DFE29FD7-1F52-4788-B810-A3B23932BAAA}.Release|iPhone.Build.0 = Release|Any CPU
		{DFE29FD7-1F52-4788-B810-A3B23932BAAA}.Release|iPhoneSimulator.ActiveCfg = Release|Any CPU
		{DFE29FD7-1F52-4788-B810-A3B23932BAAA}.Release|iPhoneSimulator.Build.0 = Release|Any CPU
		{DFE29FD7-1F52-4788-B810-A3B23932BAAA}.Release|x64.ActiveCfg = Release|Any CPU
		{DFE29FD7-1F52-4788-B810-A3B23932BAAA}.Release|x64.Build.0 = Release|Any CPU
		{DFE29FD7-1F52-4788-B810-A3B23932BAAA}.Release|x86.ActiveCfg = Release|Any CPU
		{DFE29FD7-1F52-4788-B810-A3B23932BAAA}.Release|x86.Build.0 = Release|Any CPU
		{B7D4A125-815E-4E98-9398-735CC7ECE744}.Ad-Hoc|Any CPU.ActiveCfg = Release|Any CPU
		{B7D4A125-815E-4E98-9398-735CC7ECE744}.Ad-Hoc|Any CPU.Build.0 = Release|Any CPU
		{B7D4A125-815E-4E98-9398-735CC7ECE744}.Ad-Hoc|Any CPU.Deploy.0 = Release|Any CPU
		{B7D4A125-815E-4E98-9398-735CC7ECE744}.Ad-Hoc|ARM.ActiveCfg = Release|Any CPU
		{B7D4A125-815E-4E98-9398-735CC7ECE744}.Ad-Hoc|ARM.Build.0 = Release|Any CPU
		{B7D4A125-815E-4E98-9398-735CC7ECE744}.Ad-Hoc|ARM.Deploy.0 = Release|Any CPU
		{B7D4A125-815E-4E98-9398-735CC7ECE744}.Ad-Hoc|iPhone.ActiveCfg = Release|Any CPU
		{B7D4A125-815E-4E98-9398-735CC7ECE744}.Ad-Hoc|iPhone.Build.0 = Release|Any CPU
		{B7D4A125-815E-4E98-9398-735CC7ECE744}.Ad-Hoc|iPhone.Deploy.0 = Release|Any CPU
		{B7D4A125-815E-4E98-9398-735CC7ECE744}.Ad-Hoc|iPhoneSimulator.ActiveCfg = Release|Any CPU
		{B7D4A125-815E-4E98-9398-735CC7ECE744}.Ad-Hoc|iPhoneSimulator.Build.0 = Release|Any CPU
		{B7D4A125-815E-4E98-9398-735CC7ECE744}.Ad-Hoc|iPhoneSimulator.Deploy.0 = Release|Any CPU
		{B7D4A125-815E-4E98-9398-735CC7ECE744}.Ad-Hoc|x64.ActiveCfg = Release|Any CPU
		{B7D4A125-815E-4E98-9398-735CC7ECE744}.Ad-Hoc|x64.Build.0 = Release|Any CPU
		{B7D4A125-815E-4E98-9398-735CC7ECE744}.Ad-Hoc|x64.Deploy.0 = Release|Any CPU
		{B7D4A125-815E-4E98-9398-735CC7ECE744}.Ad-Hoc|x86.ActiveCfg = Release|Any CPU
		{B7D4A125-815E-4E98-9398-735CC7ECE744}.Ad-Hoc|x86.Build.0 = Release|Any CPU
		{B7D4A125-815E-4E98-9398-735CC7ECE744}.Ad-Hoc|x86.Deploy.0 = Release|Any CPU
		{B7D4A125-815E-4E98-9398-735CC7ECE744}.AppStore|Any CPU.ActiveCfg = Release|Any CPU
		{B7D4A125-815E-4E98-9398-735CC7ECE744}.AppStore|Any CPU.Build.0 = Release|Any CPU
		{B7D4A125-815E-4E98-9398-735CC7ECE744}.AppStore|Any CPU.Deploy.0 = Release|Any CPU
		{B7D4A125-815E-4E98-9398-735CC7ECE744}.AppStore|ARM.ActiveCfg = Release|Any CPU
		{B7D4A125-815E-4E98-9398-735CC7ECE744}.AppStore|ARM.Build.0 = Release|Any CPU
		{B7D4A125-815E-4E98-9398-735CC7ECE744}.AppStore|ARM.Deploy.0 = Release|Any CPU
		{B7D4A125-815E-4E98-9398-735CC7ECE744}.AppStore|iPhone.ActiveCfg = Release|Any CPU
		{B7D4A125-815E-4E98-9398-735CC7ECE744}.AppStore|iPhone.Build.0 = Release|Any CPU
		{B7D4A125-815E-4E98-9398-735CC7ECE744}.AppStore|iPhone.Deploy.0 = Release|Any CPU
		{B7D4A125-815E-4E98-9398-735CC7ECE744}.AppStore|iPhoneSimulator.ActiveCfg = Release|Any CPU
		{B7D4A125-815E-4E98-9398-735CC7ECE744}.AppStore|iPhoneSimulator.Build.0 = Release|Any CPU
		{B7D4A125-815E-4E98-9398-735CC7ECE744}.AppStore|iPhoneSimulator.Deploy.0 = Release|Any CPU
		{B7D4A125-815E-4E98-9398-735CC7ECE744}.AppStore|x64.ActiveCfg = Release|Any CPU
		{B7D4A125-815E-4E98-9398-735CC7ECE744}.AppStore|x64.Build.0 = Release|Any CPU
		{B7D4A125-815E-4E98-9398-735CC7ECE744}.AppStore|x64.Deploy.0 = Release|Any CPU
		{B7D4A125-815E-4E98-9398-735CC7ECE744}.AppStore|x86.ActiveCfg = Release|Any CPU
		{B7D4A125-815E-4E98-9398-735CC7ECE744}.AppStore|x86.Build.0 = Release|Any CPU
		{B7D4A125-815E-4E98-9398-735CC7ECE744}.AppStore|x86.Deploy.0 = Release|Any CPU
		{B7D4A125-815E-4E98-9398-735CC7ECE744}.Debug|Any CPU.ActiveCfg = Debug|Any CPU
		{B7D4A125-815E-4E98-9398-735CC7ECE744}.Debug|Any CPU.Build.0 = Debug|Any CPU
		{B7D4A125-815E-4E98-9398-735CC7ECE744}.Debug|Any CPU.Deploy.0 = Debug|Any CPU
		{B7D4A125-815E-4E98-9398-735CC7ECE744}.Debug|ARM.ActiveCfg = Debug|Any CPU
		{B7D4A125-815E-4E98-9398-735CC7ECE744}.Debug|ARM.Build.0 = Debug|Any CPU
		{B7D4A125-815E-4E98-9398-735CC7ECE744}.Debug|ARM.Deploy.0 = Debug|Any CPU
		{B7D4A125-815E-4E98-9398-735CC7ECE744}.Debug|iPhone.ActiveCfg = Debug|Any CPU
		{B7D4A125-815E-4E98-9398-735CC7ECE744}.Debug|iPhone.Build.0 = Debug|Any CPU
		{B7D4A125-815E-4E98-9398-735CC7ECE744}.Debug|iPhone.Deploy.0 = Debug|Any CPU
		{B7D4A125-815E-4E98-9398-735CC7ECE744}.Debug|iPhoneSimulator.ActiveCfg = Debug|Any CPU
		{B7D4A125-815E-4E98-9398-735CC7ECE744}.Debug|iPhoneSimulator.Build.0 = Debug|Any CPU
		{B7D4A125-815E-4E98-9398-735CC7ECE744}.Debug|iPhoneSimulator.Deploy.0 = Debug|Any CPU
		{B7D4A125-815E-4E98-9398-735CC7ECE744}.Debug|x64.ActiveCfg = Debug|Any CPU
		{B7D4A125-815E-4E98-9398-735CC7ECE744}.Debug|x64.Build.0 = Debug|Any CPU
		{B7D4A125-815E-4E98-9398-735CC7ECE744}.Debug|x64.Deploy.0 = Debug|Any CPU
		{B7D4A125-815E-4E98-9398-735CC7ECE744}.Debug|x86.ActiveCfg = Debug|Any CPU
		{B7D4A125-815E-4E98-9398-735CC7ECE744}.Debug|x86.Build.0 = Debug|Any CPU
		{B7D4A125-815E-4E98-9398-735CC7ECE744}.Debug|x86.Deploy.0 = Debug|Any CPU
		{B7D4A125-815E-4E98-9398-735CC7ECE744}.Release|Any CPU.ActiveCfg = Release|Any CPU
		{B7D4A125-815E-4E98-9398-735CC7ECE744}.Release|Any CPU.Build.0 = Release|Any CPU
		{B7D4A125-815E-4E98-9398-735CC7ECE744}.Release|Any CPU.Deploy.0 = Release|Any CPU
		{B7D4A125-815E-4E98-9398-735CC7ECE744}.Release|ARM.ActiveCfg = Release|Any CPU
		{B7D4A125-815E-4E98-9398-735CC7ECE744}.Release|ARM.Build.0 = Release|Any CPU
		{B7D4A125-815E-4E98-9398-735CC7ECE744}.Release|ARM.Deploy.0 = Release|Any CPU
		{B7D4A125-815E-4E98-9398-735CC7ECE744}.Release|iPhone.ActiveCfg = Release|Any CPU
		{B7D4A125-815E-4E98-9398-735CC7ECE744}.Release|iPhone.Build.0 = Release|Any CPU
		{B7D4A125-815E-4E98-9398-735CC7ECE744}.Release|iPhone.Deploy.0 = Release|Any CPU
		{B7D4A125-815E-4E98-9398-735CC7ECE744}.Release|iPhoneSimulator.ActiveCfg = Release|Any CPU
		{B7D4A125-815E-4E98-9398-735CC7ECE744}.Release|iPhoneSimulator.Build.0 = Release|Any CPU
		{B7D4A125-815E-4E98-9398-735CC7ECE744}.Release|iPhoneSimulator.Deploy.0 = Release|Any CPU
		{B7D4A125-815E-4E98-9398-735CC7ECE744}.Release|x64.ActiveCfg = Release|Any CPU
		{B7D4A125-815E-4E98-9398-735CC7ECE744}.Release|x64.Build.0 = Release|Any CPU
		{B7D4A125-815E-4E98-9398-735CC7ECE744}.Release|x64.Deploy.0 = Release|Any CPU
		{B7D4A125-815E-4E98-9398-735CC7ECE744}.Release|x86.ActiveCfg = Release|Any CPU
		{B7D4A125-815E-4E98-9398-735CC7ECE744}.Release|x86.Build.0 = Release|Any CPU
		{B7D4A125-815E-4E98-9398-735CC7ECE744}.Release|x86.Deploy.0 = Release|Any CPU
		{E8381E8B-F965-4B9C-BC17-4D9C93BE5E87}.Ad-Hoc|Any CPU.ActiveCfg = Ad-Hoc|iPhone
		{E8381E8B-F965-4B9C-BC17-4D9C93BE5E87}.Ad-Hoc|ARM.ActiveCfg = Ad-Hoc|iPhone
		{E8381E8B-F965-4B9C-BC17-4D9C93BE5E87}.Ad-Hoc|iPhone.ActiveCfg = Ad-Hoc|iPhone
		{E8381E8B-F965-4B9C-BC17-4D9C93BE5E87}.Ad-Hoc|iPhone.Build.0 = Ad-Hoc|iPhone
		{E8381E8B-F965-4B9C-BC17-4D9C93BE5E87}.Ad-Hoc|iPhoneSimulator.ActiveCfg = Ad-Hoc|iPhoneSimulator
		{E8381E8B-F965-4B9C-BC17-4D9C93BE5E87}.Ad-Hoc|iPhoneSimulator.Build.0 = Ad-Hoc|iPhoneSimulator
		{E8381E8B-F965-4B9C-BC17-4D9C93BE5E87}.Ad-Hoc|x64.ActiveCfg = Ad-Hoc|iPhone
		{E8381E8B-F965-4B9C-BC17-4D9C93BE5E87}.Ad-Hoc|x86.ActiveCfg = Ad-Hoc|iPhone
		{E8381E8B-F965-4B9C-BC17-4D9C93BE5E87}.AppStore|Any CPU.ActiveCfg = AppStore|iPhone
		{E8381E8B-F965-4B9C-BC17-4D9C93BE5E87}.AppStore|ARM.ActiveCfg = AppStore|iPhone
		{E8381E8B-F965-4B9C-BC17-4D9C93BE5E87}.AppStore|iPhone.ActiveCfg = AppStore|iPhone
		{E8381E8B-F965-4B9C-BC17-4D9C93BE5E87}.AppStore|iPhone.Build.0 = AppStore|iPhone
		{E8381E8B-F965-4B9C-BC17-4D9C93BE5E87}.AppStore|iPhoneSimulator.ActiveCfg = AppStore|iPhoneSimulator
		{E8381E8B-F965-4B9C-BC17-4D9C93BE5E87}.AppStore|iPhoneSimulator.Build.0 = AppStore|iPhoneSimulator
		{E8381E8B-F965-4B9C-BC17-4D9C93BE5E87}.AppStore|x64.ActiveCfg = AppStore|iPhone
		{E8381E8B-F965-4B9C-BC17-4D9C93BE5E87}.AppStore|x86.ActiveCfg = AppStore|iPhone
		{E8381E8B-F965-4B9C-BC17-4D9C93BE5E87}.Debug|Any CPU.ActiveCfg = Debug|iPhone
		{E8381E8B-F965-4B9C-BC17-4D9C93BE5E87}.Debug|ARM.ActiveCfg = Debug|iPhone
		{E8381E8B-F965-4B9C-BC17-4D9C93BE5E87}.Debug|iPhone.ActiveCfg = Debug|iPhone
		{E8381E8B-F965-4B9C-BC17-4D9C93BE5E87}.Debug|iPhone.Build.0 = Debug|iPhone
		{E8381E8B-F965-4B9C-BC17-4D9C93BE5E87}.Debug|iPhoneSimulator.ActiveCfg = Debug|iPhoneSimulator
		{E8381E8B-F965-4B9C-BC17-4D9C93BE5E87}.Debug|iPhoneSimulator.Build.0 = Debug|iPhoneSimulator
		{E8381E8B-F965-4B9C-BC17-4D9C93BE5E87}.Debug|x64.ActiveCfg = Debug|iPhone
		{E8381E8B-F965-4B9C-BC17-4D9C93BE5E87}.Debug|x86.ActiveCfg = Debug|iPhone
		{E8381E8B-F965-4B9C-BC17-4D9C93BE5E87}.Release|Any CPU.ActiveCfg = Release|iPhone
		{E8381E8B-F965-4B9C-BC17-4D9C93BE5E87}.Release|ARM.ActiveCfg = Release|iPhone
		{E8381E8B-F965-4B9C-BC17-4D9C93BE5E87}.Release|iPhone.ActiveCfg = Release|iPhone
		{E8381E8B-F965-4B9C-BC17-4D9C93BE5E87}.Release|iPhone.Build.0 = Release|iPhone
		{E8381E8B-F965-4B9C-BC17-4D9C93BE5E87}.Release|iPhoneSimulator.ActiveCfg = Release|iPhoneSimulator
		{E8381E8B-F965-4B9C-BC17-4D9C93BE5E87}.Release|iPhoneSimulator.Build.0 = Release|iPhoneSimulator
		{E8381E8B-F965-4B9C-BC17-4D9C93BE5E87}.Release|x64.ActiveCfg = Release|iPhone
		{E8381E8B-F965-4B9C-BC17-4D9C93BE5E87}.Release|x86.ActiveCfg = Release|iPhone
		{EE21B5C1-78A3-4ED2-91FD-78E43934B437}.Ad-Hoc|Any CPU.ActiveCfg = Release|Any CPU
		{EE21B5C1-78A3-4ED2-91FD-78E43934B437}.Ad-Hoc|Any CPU.Build.0 = Release|Any CPU
		{EE21B5C1-78A3-4ED2-91FD-78E43934B437}.Ad-Hoc|Any CPU.Deploy.0 = Release|Any CPU
		{EE21B5C1-78A3-4ED2-91FD-78E43934B437}.Ad-Hoc|ARM.ActiveCfg = Release|ARM
		{EE21B5C1-78A3-4ED2-91FD-78E43934B437}.Ad-Hoc|ARM.Build.0 = Release|ARM
		{EE21B5C1-78A3-4ED2-91FD-78E43934B437}.Ad-Hoc|ARM.Deploy.0 = Release|ARM
		{EE21B5C1-78A3-4ED2-91FD-78E43934B437}.Ad-Hoc|iPhone.ActiveCfg = Release|Any CPU
		{EE21B5C1-78A3-4ED2-91FD-78E43934B437}.Ad-Hoc|iPhone.Build.0 = Release|Any CPU
		{EE21B5C1-78A3-4ED2-91FD-78E43934B437}.Ad-Hoc|iPhone.Deploy.0 = Release|Any CPU
		{EE21B5C1-78A3-4ED2-91FD-78E43934B437}.Ad-Hoc|iPhoneSimulator.ActiveCfg = Release|Any CPU
		{EE21B5C1-78A3-4ED2-91FD-78E43934B437}.Ad-Hoc|iPhoneSimulator.Build.0 = Release|Any CPU
		{EE21B5C1-78A3-4ED2-91FD-78E43934B437}.Ad-Hoc|iPhoneSimulator.Deploy.0 = Release|Any CPU
		{EE21B5C1-78A3-4ED2-91FD-78E43934B437}.Ad-Hoc|x64.ActiveCfg = Release|Any CPU
		{EE21B5C1-78A3-4ED2-91FD-78E43934B437}.Ad-Hoc|x64.Build.0 = Release|Any CPU
		{EE21B5C1-78A3-4ED2-91FD-78E43934B437}.Ad-Hoc|x64.Deploy.0 = Release|Any CPU
		{EE21B5C1-78A3-4ED2-91FD-78E43934B437}.Ad-Hoc|x86.ActiveCfg = Release|x86
		{EE21B5C1-78A3-4ED2-91FD-78E43934B437}.Ad-Hoc|x86.Build.0 = Release|x86
		{EE21B5C1-78A3-4ED2-91FD-78E43934B437}.Ad-Hoc|x86.Deploy.0 = Release|x86
		{EE21B5C1-78A3-4ED2-91FD-78E43934B437}.AppStore|Any CPU.ActiveCfg = Release|Any CPU
		{EE21B5C1-78A3-4ED2-91FD-78E43934B437}.AppStore|Any CPU.Build.0 = Release|Any CPU
		{EE21B5C1-78A3-4ED2-91FD-78E43934B437}.AppStore|Any CPU.Deploy.0 = Release|Any CPU
		{EE21B5C1-78A3-4ED2-91FD-78E43934B437}.AppStore|ARM.ActiveCfg = Release|ARM
		{EE21B5C1-78A3-4ED2-91FD-78E43934B437}.AppStore|ARM.Build.0 = Release|ARM
		{EE21B5C1-78A3-4ED2-91FD-78E43934B437}.AppStore|ARM.Deploy.0 = Release|ARM
		{EE21B5C1-78A3-4ED2-91FD-78E43934B437}.AppStore|iPhone.ActiveCfg = Release|Any CPU
		{EE21B5C1-78A3-4ED2-91FD-78E43934B437}.AppStore|iPhone.Build.0 = Release|Any CPU
		{EE21B5C1-78A3-4ED2-91FD-78E43934B437}.AppStore|iPhone.Deploy.0 = Release|Any CPU
		{EE21B5C1-78A3-4ED2-91FD-78E43934B437}.AppStore|iPhoneSimulator.ActiveCfg = Release|Any CPU
		{EE21B5C1-78A3-4ED2-91FD-78E43934B437}.AppStore|iPhoneSimulator.Build.0 = Release|Any CPU
		{EE21B5C1-78A3-4ED2-91FD-78E43934B437}.AppStore|iPhoneSimulator.Deploy.0 = Release|Any CPU
		{EE21B5C1-78A3-4ED2-91FD-78E43934B437}.AppStore|x64.ActiveCfg = Release|Any CPU
		{EE21B5C1-78A3-4ED2-91FD-78E43934B437}.AppStore|x64.Build.0 = Release|Any CPU
		{EE21B5C1-78A3-4ED2-91FD-78E43934B437}.AppStore|x64.Deploy.0 = Release|Any CPU
		{EE21B5C1-78A3-4ED2-91FD-78E43934B437}.AppStore|x86.ActiveCfg = Release|x86
		{EE21B5C1-78A3-4ED2-91FD-78E43934B437}.AppStore|x86.Build.0 = Release|x86
		{EE21B5C1-78A3-4ED2-91FD-78E43934B437}.AppStore|x86.Deploy.0 = Release|x86
		{EE21B5C1-78A3-4ED2-91FD-78E43934B437}.Debug|Any CPU.ActiveCfg = Debug|Any CPU
		{EE21B5C1-78A3-4ED2-91FD-78E43934B437}.Debug|Any CPU.Build.0 = Debug|Any CPU
		{EE21B5C1-78A3-4ED2-91FD-78E43934B437}.Debug|Any CPU.Deploy.0 = Debug|Any CPU
		{EE21B5C1-78A3-4ED2-91FD-78E43934B437}.Debug|ARM.ActiveCfg = Debug|ARM
		{EE21B5C1-78A3-4ED2-91FD-78E43934B437}.Debug|ARM.Build.0 = Debug|ARM
		{EE21B5C1-78A3-4ED2-91FD-78E43934B437}.Debug|ARM.Deploy.0 = Debug|ARM
		{EE21B5C1-78A3-4ED2-91FD-78E43934B437}.Debug|iPhone.ActiveCfg = Debug|Any CPU
		{EE21B5C1-78A3-4ED2-91FD-78E43934B437}.Debug|iPhone.Build.0 = Debug|Any CPU
		{EE21B5C1-78A3-4ED2-91FD-78E43934B437}.Debug|iPhone.Deploy.0 = Debug|Any CPU
		{EE21B5C1-78A3-4ED2-91FD-78E43934B437}.Debug|iPhoneSimulator.ActiveCfg = Debug|Any CPU
		{EE21B5C1-78A3-4ED2-91FD-78E43934B437}.Debug|iPhoneSimulator.Build.0 = Debug|Any CPU
		{EE21B5C1-78A3-4ED2-91FD-78E43934B437}.Debug|iPhoneSimulator.Deploy.0 = Debug|Any CPU
		{EE21B5C1-78A3-4ED2-91FD-78E43934B437}.Debug|x64.ActiveCfg = Debug|Any CPU
		{EE21B5C1-78A3-4ED2-91FD-78E43934B437}.Debug|x64.Build.0 = Debug|Any CPU
		{EE21B5C1-78A3-4ED2-91FD-78E43934B437}.Debug|x64.Deploy.0 = Debug|Any CPU
		{EE21B5C1-78A3-4ED2-91FD-78E43934B437}.Debug|x86.ActiveCfg = Debug|x86
		{EE21B5C1-78A3-4ED2-91FD-78E43934B437}.Debug|x86.Build.0 = Debug|x86
		{EE21B5C1-78A3-4ED2-91FD-78E43934B437}.Debug|x86.Deploy.0 = Debug|x86
		{EE21B5C1-78A3-4ED2-91FD-78E43934B437}.Release|Any CPU.ActiveCfg = Release|Any CPU
		{EE21B5C1-78A3-4ED2-91FD-78E43934B437}.Release|Any CPU.Build.0 = Release|Any CPU
		{EE21B5C1-78A3-4ED2-91FD-78E43934B437}.Release|Any CPU.Deploy.0 = Release|Any CPU
		{EE21B5C1-78A3-4ED2-91FD-78E43934B437}.Release|ARM.ActiveCfg = Release|ARM
		{EE21B5C1-78A3-4ED2-91FD-78E43934B437}.Release|ARM.Build.0 = Release|ARM
		{EE21B5C1-78A3-4ED2-91FD-78E43934B437}.Release|ARM.Deploy.0 = Release|ARM
		{EE21B5C1-78A3-4ED2-91FD-78E43934B437}.Release|iPhone.ActiveCfg = Release|Any CPU
		{EE21B5C1-78A3-4ED2-91FD-78E43934B437}.Release|iPhone.Build.0 = Release|Any CPU
		{EE21B5C1-78A3-4ED2-91FD-78E43934B437}.Release|iPhone.Deploy.0 = Release|Any CPU
		{EE21B5C1-78A3-4ED2-91FD-78E43934B437}.Release|iPhoneSimulator.ActiveCfg = Release|Any CPU
		{EE21B5C1-78A3-4ED2-91FD-78E43934B437}.Release|iPhoneSimulator.Build.0 = Release|Any CPU
		{EE21B5C1-78A3-4ED2-91FD-78E43934B437}.Release|iPhoneSimulator.Deploy.0 = Release|Any CPU
		{EE21B5C1-78A3-4ED2-91FD-78E43934B437}.Release|x64.ActiveCfg = Release|Any CPU
		{EE21B5C1-78A3-4ED2-91FD-78E43934B437}.Release|x64.Build.0 = Release|Any CPU
		{EE21B5C1-78A3-4ED2-91FD-78E43934B437}.Release|x64.Deploy.0 = Release|Any CPU
		{EE21B5C1-78A3-4ED2-91FD-78E43934B437}.Release|x86.ActiveCfg = Release|x86
		{EE21B5C1-78A3-4ED2-91FD-78E43934B437}.Release|x86.Build.0 = Release|x86
		{EE21B5C1-78A3-4ED2-91FD-78E43934B437}.Release|x86.Deploy.0 = Release|x86
		{45AB895C-8BDA-4A89-AE8D-2DD9278BA357}.Ad-Hoc|Any CPU.ActiveCfg = Release|x86
		{45AB895C-8BDA-4A89-AE8D-2DD9278BA357}.Ad-Hoc|Any CPU.Build.0 = Release|x86
		{45AB895C-8BDA-4A89-AE8D-2DD9278BA357}.Ad-Hoc|Any CPU.Deploy.0 = Release|x86
		{45AB895C-8BDA-4A89-AE8D-2DD9278BA357}.Ad-Hoc|ARM.ActiveCfg = Release|ARM
		{45AB895C-8BDA-4A89-AE8D-2DD9278BA357}.Ad-Hoc|ARM.Build.0 = Release|ARM
		{45AB895C-8BDA-4A89-AE8D-2DD9278BA357}.Ad-Hoc|ARM.Deploy.0 = Release|ARM
		{45AB895C-8BDA-4A89-AE8D-2DD9278BA357}.Ad-Hoc|iPhone.ActiveCfg = Release|x86
		{45AB895C-8BDA-4A89-AE8D-2DD9278BA357}.Ad-Hoc|iPhone.Build.0 = Release|x86
		{45AB895C-8BDA-4A89-AE8D-2DD9278BA357}.Ad-Hoc|iPhone.Deploy.0 = Release|x86
		{45AB895C-8BDA-4A89-AE8D-2DD9278BA357}.Ad-Hoc|iPhoneSimulator.ActiveCfg = Release|x86
		{45AB895C-8BDA-4A89-AE8D-2DD9278BA357}.Ad-Hoc|iPhoneSimulator.Build.0 = Release|x86
		{45AB895C-8BDA-4A89-AE8D-2DD9278BA357}.Ad-Hoc|iPhoneSimulator.Deploy.0 = Release|x86
		{45AB895C-8BDA-4A89-AE8D-2DD9278BA357}.Ad-Hoc|x64.ActiveCfg = Release|x64
		{45AB895C-8BDA-4A89-AE8D-2DD9278BA357}.Ad-Hoc|x64.Build.0 = Release|x64
		{45AB895C-8BDA-4A89-AE8D-2DD9278BA357}.Ad-Hoc|x64.Deploy.0 = Release|x64
		{45AB895C-8BDA-4A89-AE8D-2DD9278BA357}.Ad-Hoc|x86.ActiveCfg = Release|x86
		{45AB895C-8BDA-4A89-AE8D-2DD9278BA357}.Ad-Hoc|x86.Build.0 = Release|x86
		{45AB895C-8BDA-4A89-AE8D-2DD9278BA357}.Ad-Hoc|x86.Deploy.0 = Release|x86
		{45AB895C-8BDA-4A89-AE8D-2DD9278BA357}.AppStore|Any CPU.ActiveCfg = Release|x86
		{45AB895C-8BDA-4A89-AE8D-2DD9278BA357}.AppStore|Any CPU.Build.0 = Release|x86
		{45AB895C-8BDA-4A89-AE8D-2DD9278BA357}.AppStore|Any CPU.Deploy.0 = Release|x86
		{45AB895C-8BDA-4A89-AE8D-2DD9278BA357}.AppStore|ARM.ActiveCfg = Release|ARM
		{45AB895C-8BDA-4A89-AE8D-2DD9278BA357}.AppStore|ARM.Build.0 = Release|ARM
		{45AB895C-8BDA-4A89-AE8D-2DD9278BA357}.AppStore|ARM.Deploy.0 = Release|ARM
		{45AB895C-8BDA-4A89-AE8D-2DD9278BA357}.AppStore|iPhone.ActiveCfg = Release|x86
		{45AB895C-8BDA-4A89-AE8D-2DD9278BA357}.AppStore|iPhone.Build.0 = Release|x86
		{45AB895C-8BDA-4A89-AE8D-2DD9278BA357}.AppStore|iPhone.Deploy.0 = Release|x86
		{45AB895C-8BDA-4A89-AE8D-2DD9278BA357}.AppStore|iPhoneSimulator.ActiveCfg = Release|x86
		{45AB895C-8BDA-4A89-AE8D-2DD9278BA357}.AppStore|iPhoneSimulator.Build.0 = Release|x86
		{45AB895C-8BDA-4A89-AE8D-2DD9278BA357}.AppStore|iPhoneSimulator.Deploy.0 = Release|x86
		{45AB895C-8BDA-4A89-AE8D-2DD9278BA357}.AppStore|x64.ActiveCfg = Release|x64
		{45AB895C-8BDA-4A89-AE8D-2DD9278BA357}.AppStore|x64.Build.0 = Release|x64
		{45AB895C-8BDA-4A89-AE8D-2DD9278BA357}.AppStore|x64.Deploy.0 = Release|x64
		{45AB895C-8BDA-4A89-AE8D-2DD9278BA357}.AppStore|x86.ActiveCfg = Release|x86
		{45AB895C-8BDA-4A89-AE8D-2DD9278BA357}.AppStore|x86.Build.0 = Release|x86
		{45AB895C-8BDA-4A89-AE8D-2DD9278BA357}.AppStore|x86.Deploy.0 = Release|x86
		{45AB895C-8BDA-4A89-AE8D-2DD9278BA357}.Debug|Any CPU.ActiveCfg = Debug|x86
		{45AB895C-8BDA-4A89-AE8D-2DD9278BA357}.Debug|ARM.ActiveCfg = Debug|ARM
		{45AB895C-8BDA-4A89-AE8D-2DD9278BA357}.Debug|ARM.Build.0 = Debug|ARM
		{45AB895C-8BDA-4A89-AE8D-2DD9278BA357}.Debug|ARM.Deploy.0 = Debug|ARM
		{45AB895C-8BDA-4A89-AE8D-2DD9278BA357}.Debug|iPhone.ActiveCfg = Debug|x86
		{45AB895C-8BDA-4A89-AE8D-2DD9278BA357}.Debug|iPhoneSimulator.ActiveCfg = Debug|x86
		{45AB895C-8BDA-4A89-AE8D-2DD9278BA357}.Debug|x64.ActiveCfg = Debug|x64
		{45AB895C-8BDA-4A89-AE8D-2DD9278BA357}.Debug|x64.Build.0 = Debug|x64
		{45AB895C-8BDA-4A89-AE8D-2DD9278BA357}.Debug|x64.Deploy.0 = Debug|x64
		{45AB895C-8BDA-4A89-AE8D-2DD9278BA357}.Debug|x86.ActiveCfg = Debug|x86
		{45AB895C-8BDA-4A89-AE8D-2DD9278BA357}.Debug|x86.Build.0 = Debug|x86
		{45AB895C-8BDA-4A89-AE8D-2DD9278BA357}.Debug|x86.Deploy.0 = Debug|x86
		{45AB895C-8BDA-4A89-AE8D-2DD9278BA357}.Release|Any CPU.ActiveCfg = Release|x86
		{45AB895C-8BDA-4A89-AE8D-2DD9278BA357}.Release|ARM.ActiveCfg = Release|ARM
		{45AB895C-8BDA-4A89-AE8D-2DD9278BA357}.Release|ARM.Build.0 = Release|ARM
		{45AB895C-8BDA-4A89-AE8D-2DD9278BA357}.Release|ARM.Deploy.0 = Release|ARM
		{45AB895C-8BDA-4A89-AE8D-2DD9278BA357}.Release|iPhone.ActiveCfg = Release|x86
		{45AB895C-8BDA-4A89-AE8D-2DD9278BA357}.Release|iPhoneSimulator.ActiveCfg = Release|x86
		{45AB895C-8BDA-4A89-AE8D-2DD9278BA357}.Release|x64.ActiveCfg = Release|x64
		{45AB895C-8BDA-4A89-AE8D-2DD9278BA357}.Release|x64.Build.0 = Release|x64
		{45AB895C-8BDA-4A89-AE8D-2DD9278BA357}.Release|x64.Deploy.0 = Release|x64
		{45AB895C-8BDA-4A89-AE8D-2DD9278BA357}.Release|x86.ActiveCfg = Release|x86
		{45AB895C-8BDA-4A89-AE8D-2DD9278BA357}.Release|x86.Build.0 = Release|x86
		{45AB895C-8BDA-4A89-AE8D-2DD9278BA357}.Release|x86.Deploy.0 = Release|x86
		{788A0453-0882-4C90-A556-1DD83806ACF4}.Ad-Hoc|Any CPU.ActiveCfg = Release|Any CPU
		{788A0453-0882-4C90-A556-1DD83806ACF4}.Ad-Hoc|Any CPU.Build.0 = Release|Any CPU
		{788A0453-0882-4C90-A556-1DD83806ACF4}.Ad-Hoc|Any CPU.Deploy.0 = Release|Any CPU
		{788A0453-0882-4C90-A556-1DD83806ACF4}.Ad-Hoc|ARM.ActiveCfg = Release|ARM
		{788A0453-0882-4C90-A556-1DD83806ACF4}.Ad-Hoc|ARM.Build.0 = Release|ARM
		{788A0453-0882-4C90-A556-1DD83806ACF4}.Ad-Hoc|ARM.Deploy.0 = Release|ARM
		{788A0453-0882-4C90-A556-1DD83806ACF4}.Ad-Hoc|iPhone.ActiveCfg = Release|Any CPU
		{788A0453-0882-4C90-A556-1DD83806ACF4}.Ad-Hoc|iPhone.Build.0 = Release|Any CPU
		{788A0453-0882-4C90-A556-1DD83806ACF4}.Ad-Hoc|iPhone.Deploy.0 = Release|Any CPU
		{788A0453-0882-4C90-A556-1DD83806ACF4}.Ad-Hoc|iPhoneSimulator.ActiveCfg = Release|Any CPU
		{788A0453-0882-4C90-A556-1DD83806ACF4}.Ad-Hoc|iPhoneSimulator.Build.0 = Release|Any CPU
		{788A0453-0882-4C90-A556-1DD83806ACF4}.Ad-Hoc|iPhoneSimulator.Deploy.0 = Release|Any CPU
		{788A0453-0882-4C90-A556-1DD83806ACF4}.Ad-Hoc|x64.ActiveCfg = Release|x64
		{788A0453-0882-4C90-A556-1DD83806ACF4}.Ad-Hoc|x64.Build.0 = Release|x64
		{788A0453-0882-4C90-A556-1DD83806ACF4}.Ad-Hoc|x64.Deploy.0 = Release|x64
		{788A0453-0882-4C90-A556-1DD83806ACF4}.Ad-Hoc|x86.ActiveCfg = Release|x86
		{788A0453-0882-4C90-A556-1DD83806ACF4}.Ad-Hoc|x86.Build.0 = Release|x86
		{788A0453-0882-4C90-A556-1DD83806ACF4}.Ad-Hoc|x86.Deploy.0 = Release|x86
		{788A0453-0882-4C90-A556-1DD83806ACF4}.AppStore|Any CPU.ActiveCfg = Release|Any CPU
		{788A0453-0882-4C90-A556-1DD83806ACF4}.AppStore|Any CPU.Build.0 = Release|Any CPU
		{788A0453-0882-4C90-A556-1DD83806ACF4}.AppStore|Any CPU.Deploy.0 = Release|Any CPU
		{788A0453-0882-4C90-A556-1DD83806ACF4}.AppStore|ARM.ActiveCfg = Release|ARM
		{788A0453-0882-4C90-A556-1DD83806ACF4}.AppStore|ARM.Build.0 = Release|ARM
		{788A0453-0882-4C90-A556-1DD83806ACF4}.AppStore|ARM.Deploy.0 = Release|ARM
		{788A0453-0882-4C90-A556-1DD83806ACF4}.AppStore|iPhone.ActiveCfg = Release|Any CPU
		{788A0453-0882-4C90-A556-1DD83806ACF4}.AppStore|iPhone.Build.0 = Release|Any CPU
		{788A0453-0882-4C90-A556-1DD83806ACF4}.AppStore|iPhone.Deploy.0 = Release|Any CPU
		{788A0453-0882-4C90-A556-1DD83806ACF4}.AppStore|iPhoneSimulator.ActiveCfg = Release|Any CPU
		{788A0453-0882-4C90-A556-1DD83806ACF4}.AppStore|iPhoneSimulator.Build.0 = Release|Any CPU
		{788A0453-0882-4C90-A556-1DD83806ACF4}.AppStore|iPhoneSimulator.Deploy.0 = Release|Any CPU
		{788A0453-0882-4C90-A556-1DD83806ACF4}.AppStore|x64.ActiveCfg = Release|x64
		{788A0453-0882-4C90-A556-1DD83806ACF4}.AppStore|x64.Build.0 = Release|x64
		{788A0453-0882-4C90-A556-1DD83806ACF4}.AppStore|x64.Deploy.0 = Release|x64
		{788A0453-0882-4C90-A556-1DD83806ACF4}.AppStore|x86.ActiveCfg = Release|x86
		{788A0453-0882-4C90-A556-1DD83806ACF4}.AppStore|x86.Build.0 = Release|x86
		{788A0453-0882-4C90-A556-1DD83806ACF4}.AppStore|x86.Deploy.0 = Release|x86
		{788A0453-0882-4C90-A556-1DD83806ACF4}.Debug|Any CPU.ActiveCfg = Debug|Any CPU
		{788A0453-0882-4C90-A556-1DD83806ACF4}.Debug|Any CPU.Build.0 = Debug|Any CPU
		{788A0453-0882-4C90-A556-1DD83806ACF4}.Debug|Any CPU.Deploy.0 = Debug|Any CPU
		{788A0453-0882-4C90-A556-1DD83806ACF4}.Debug|ARM.ActiveCfg = Debug|ARM
		{788A0453-0882-4C90-A556-1DD83806ACF4}.Debug|ARM.Build.0 = Debug|ARM
		{788A0453-0882-4C90-A556-1DD83806ACF4}.Debug|ARM.Deploy.0 = Debug|ARM
		{788A0453-0882-4C90-A556-1DD83806ACF4}.Debug|iPhone.ActiveCfg = Debug|Any CPU
		{788A0453-0882-4C90-A556-1DD83806ACF4}.Debug|iPhone.Build.0 = Debug|Any CPU
		{788A0453-0882-4C90-A556-1DD83806ACF4}.Debug|iPhone.Deploy.0 = Debug|Any CPU
		{788A0453-0882-4C90-A556-1DD83806ACF4}.Debug|iPhoneSimulator.ActiveCfg = Debug|Any CPU
		{788A0453-0882-4C90-A556-1DD83806ACF4}.Debug|iPhoneSimulator.Build.0 = Debug|Any CPU
		{788A0453-0882-4C90-A556-1DD83806ACF4}.Debug|iPhoneSimulator.Deploy.0 = Debug|Any CPU
		{788A0453-0882-4C90-A556-1DD83806ACF4}.Debug|x64.ActiveCfg = Debug|x64
		{788A0453-0882-4C90-A556-1DD83806ACF4}.Debug|x64.Build.0 = Debug|x64
		{788A0453-0882-4C90-A556-1DD83806ACF4}.Debug|x64.Deploy.0 = Debug|x64
		{788A0453-0882-4C90-A556-1DD83806ACF4}.Debug|x86.ActiveCfg = Debug|x86
		{788A0453-0882-4C90-A556-1DD83806ACF4}.Debug|x86.Build.0 = Debug|x86
		{788A0453-0882-4C90-A556-1DD83806ACF4}.Debug|x86.Deploy.0 = Debug|x86
		{788A0453-0882-4C90-A556-1DD83806ACF4}.Release|Any CPU.ActiveCfg = Release|Any CPU
		{788A0453-0882-4C90-A556-1DD83806ACF4}.Release|Any CPU.Build.0 = Release|Any CPU
		{788A0453-0882-4C90-A556-1DD83806ACF4}.Release|Any CPU.Deploy.0 = Release|Any CPU
		{788A0453-0882-4C90-A556-1DD83806ACF4}.Release|ARM.ActiveCfg = Release|ARM
		{788A0453-0882-4C90-A556-1DD83806ACF4}.Release|ARM.Build.0 = Release|ARM
		{788A0453-0882-4C90-A556-1DD83806ACF4}.Release|ARM.Deploy.0 = Release|ARM
		{788A0453-0882-4C90-A556-1DD83806ACF4}.Release|iPhone.ActiveCfg = Release|Any CPU
		{788A0453-0882-4C90-A556-1DD83806ACF4}.Release|iPhone.Build.0 = Release|Any CPU
		{788A0453-0882-4C90-A556-1DD83806ACF4}.Release|iPhone.Deploy.0 = Release|Any CPU
		{788A0453-0882-4C90-A556-1DD83806ACF4}.Release|iPhoneSimulator.ActiveCfg = Release|Any CPU
		{788A0453-0882-4C90-A556-1DD83806ACF4}.Release|iPhoneSimulator.Build.0 = Release|Any CPU
		{788A0453-0882-4C90-A556-1DD83806ACF4}.Release|iPhoneSimulator.Deploy.0 = Release|Any CPU
		{788A0453-0882-4C90-A556-1DD83806ACF4}.Release|x64.ActiveCfg = Release|x64
		{788A0453-0882-4C90-A556-1DD83806ACF4}.Release|x64.Build.0 = Release|x64
		{788A0453-0882-4C90-A556-1DD83806ACF4}.Release|x64.Deploy.0 = Release|x64
		{788A0453-0882-4C90-A556-1DD83806ACF4}.Release|x86.ActiveCfg = Release|x86
		{788A0453-0882-4C90-A556-1DD83806ACF4}.Release|x86.Build.0 = Release|x86
		{788A0453-0882-4C90-A556-1DD83806ACF4}.Release|x86.Deploy.0 = Release|x86
	EndGlobalSection
	GlobalSection(SolutionProperties) = preSolution
		HideSolutionNode = FALSE
	EndGlobalSection
EndGlobal
